{
  "originHash" : "3c06168a75ccd3e0f3187d70678c606b66c95c2b6ffd7a21b66b712315e8c069",
  "pins" : [
    {
      "identity" : "phc-winner-argon2",
      "kind" : "remoteSourceControl",
      "location" : "https://github.com/P-H-C/phc-winner-argon2",
      "state" : {
        "revision" : "f57e61e19229e23c4445b85494dbf7c07de721cb"
      }
    }
  ],
  "version" : 3
}
