{
  "originHash" : "44089dce93dcf0403e254176ccd36a1a05f413c0a4e7e65a141295fdf4b2f178",
  "pins" : [
    {
      "identity" : "phc-winner-argon2",
      "kind" : "remoteSourceControl",
      "location" : "https://github.com/P-H-C/phc-winner-argon2",
      "state" : {
        "revision" : "f57e61e19229e23c4445b85494dbf7c07de721cb"
      }
    }
  ],
  "version" : 3
}
